// !$*UTF8*$!
{
	archiveVersion = 1;
	classes = {
	};
	objectVersion = 46;
	objects = {

/* Begin PBXBuildFile section */
		87191CCC1C7AD1BB00C1B787 /* main.m in Sources */ = {isa = PBXBuildFile; fileRef = 87191CCB1C7AD1BB00C1B787 /* main.m */; };
		87191CCF1C7AD1BB00C1B787 /* AppDelegate.m in Sources */ = {isa = PBXBuildFile; fileRef = 87191CCE1C7AD1BB00C1B787 /* AppDelegate.m */; };
		87191CD21C7AD1BB00C1B787 /* ViewController.m in Sources */ = {isa = PBXBuildFile; fileRef = 87191CD11C7AD1BB00C1B787 /* ViewController.m */; };
		87191CD51C7AD1BB00C1B787 /* Main.storyboard in Resources */ = {isa = PBXBuildFile; fileRef = 87191CD31C7AD1BB00C1B787 /* Main.storyboard */; };
		87191CD71C7AD1BB00C1B787 /* Assets.xcassets in Resources */ = {isa = PBXBuildFile; fileRef = 87191CD61C7AD1BB00C1B787 /* Assets.xcassets */; };
		87191CDA1C7AD1BB00C1B787 /* LaunchScreen.storyboard in Resources */ = {isa = PBXBuildFile; fileRef = 87191CD81C7AD1BB00C1B787 /* LaunchScreen.storyboard */; };
		87191CE51C7AD1BB00C1B787 /* GameKitDemoTests.m in Sources */ = {isa = PBXBuildFile; fileRef = 87191CE41C7AD1BB00C1B787 /* GameKitDemoTests.m */; };
		87191CF01C7AD1BB00C1B787 /* GameKitDemoUITests.m in Sources */ = {isa = PBXBuildFile; fileRef = 87191CEF1C7AD1BB00C1B787 /* GameKitDemoUITests.m */; };
		87191D001C7ADAFD00C1B787 /* MultipeerConnectivity.framework in Frameworks */ = {isa = PBXBuildFile; fileRef = 87191CFF1C7ADAFD00C1B787 /* MultipeerConnectivity.framework */; };
/* End PBXBuildFile section */

/* Begin PBXContainerItemProxy section */
		87191CE11C7AD1BB00C1B787 /* PBXContainerItemProxy */ = {
			isa = PBXContainerItemProxy;
			containerPortal = 87191CBF1C7AD1BB00C1B787 /* Project object */;
			proxyType = 1;
			remoteGlobalIDString = 87191CC61C7AD1BB00C1B787;
			remoteInfo = GameKitDemo;
		};
		87191CEC1C7AD1BB00C1B787 /* PBXContainerItemProxy */ = {
			isa = PBXContainerItemProxy;
			containerPortal = 87191CBF1C7AD1BB00C1B787 /* Project object */;
			proxyType = 1;
			remoteGlobalIDString = 87191CC61C7AD1BB00C1B787;
			remoteInfo = GameKitDemo;
		};
/* End PBXContainerItemProxy section */

/* Begin PBXFileReference section */
		87191CC71C7AD1BB00C1B787 /* GameKitDemo.app */ = {isa = PBXFileReference; explicitFileType = wrapper.application; includeInIndex = 0; path = GameKitDemo.app; sourceTree = BUILT_PRODUCTS_DIR; };
		87191CCB1C7AD1BB00C1B787 /* main.m */ = {isa = PBXFileReference; lastKnownFileType = sourcecode.c.objc; path = main.m; sourceTree = "<group>"; };
		87191CCD1C7AD1BB00C1B787 /* AppDelegate.h */ = {isa = PBXFileReference; lastKnownFileType = sourcecode.c.h; path = AppDelegate.h; sourceTree = "<group>"; };
		87191CCE1C7AD1BB00C1B787 /* AppDelegate.m */ = {isa = PBXFileReference; lastKnownFileType = sourcecode.c.objc; path = AppDelegate.m; sourceTree = "<group>"; };
		87191CD01C7AD1BB00C1B787 /* ViewController.h */ = {isa = PBXFileReference; lastKnownFileType = sourcecode.c.h; path = ViewController.h; sourceTree = "<group>"; };
		87191CD11C7AD1BB00C1B787 /* ViewController.m */ = {isa = PBXFileReference; lastKnownFileType = sourcecode.c.objc; path = ViewController.m; sourceTree = "<group>"; };
		87191CD41C7AD1BB00C1B787 /* Base */ = {isa = PBXFileReference; lastKnownFileType = file.storyboard; name = Base; path = Base.lproj/Main.storyboard; sourceTree = "<group>"; };
		87191CD61C7AD1BB00C1B787 /* Assets.xcassets */ = {isa = PBXFileReference; lastKnownFileType = folder.assetcatalog; path = Assets.xcassets; sourceTree = "<group>"; };
		87191CD91C7AD1BB00C1B787 /* Base */ = {isa = PBXFileReference; lastKnownFileType = file.storyboard; name = Base; path = Base.lproj/LaunchScreen.storyboard; sourceTree = "<group>"; };
		87191CDB1C7AD1BB00C1B787 /* Info.plist */ = {isa = PBXFileReference; lastKnownFileType = text.plist.xml; path = Info.plist; sourceTree = "<group>"; };
		87191CE01C7AD1BB00C1B787 /* GameKitDemoTests.xctest */ = {isa = PBXFileReference; explicitFileType = wrapper.cfbundle; includeInIndex = 0; path = GameKitDemoTests.xctest; sourceTree = BUILT_PRODUCTS_DIR; };
		87191CE41C7AD1BB00C1B787 /* GameKitDemoTests.m */ = {isa = PBXFileReference; lastKnownFileType = sourcecode.c.objc; path = GameKitDemoTests.m; sourceTree = "<group>"; };
		87191CE61C7AD1BB00C1B787 /* Info.plist */ = {isa = PBXFileReference; lastKnownFileType = text.plist.xml; path = Info.plist; sourceTree = "<group>"; };
		87191CEB1C7AD1BB00C1B787 /* GameKitDemoUITests.xctest */ = {isa = PBXFileReference; explicitFileType = wrapper.cfbundle; includeInIndex = 0; path = GameKitDemoUITests.xctest; sourceTree = BUILT_PRODUCTS_DIR; };
		87191CEF1C7AD1BB00C1B787 /* GameKitDemoUITests.m */ = {isa = PBXFileReference; lastKnownFileType = sourcecode.c.objc; path = GameKitDemoUITests.m; sourceTree = "<group>"; };
		87191CF11C7AD1BB00C1B787 /* Info.plist */ = {isa = PBXFileReference; lastKnownFileType = text.plist.xml; path = Info.plist; sourceTree = "<group>"; };
		87191CFF1C7ADAFD00C1B787 /* MultipeerConnectivity.framework */ = {isa = PBXFileReference; lastKnownFileType = wrapper.framework; name = MultipeerConnectivity.framework; path = System/Library/Frameworks/MultipeerConnectivity.framework; sourceTree = SDKROOT; };
/* End PBXFileReference section */

/* Begin PBXFrameworksBuildPhase section */
		87191CC41C7AD1BB00C1B787 /* Frameworks */ = {
			isa = PBXFrameworksBuildPhase;
			buildActionMask = 2147483647;
			files = (
				87191D001C7ADAFD00C1B787 /* MultipeerConnectivity.framework in Frameworks */,
			);
			runOnlyForDeploymentPostprocessing = 0;
		};
		87191CDD1C7AD1BB00C1B787 /* Frameworks */ = {
			isa = PBXFrameworksBuildPhase;
			buildActionMask = 2147483647;
			files = (
			);
			runOnlyForDeploymentPostprocessing = 0;
		};
		87191CE81C7AD1BB00C1B787 /* Frameworks */ = {
			isa = PBXFrameworksBuildPhase;
			buildActionMask = 2147483647;
			files = (
			);
			runOnlyForDeploymentPostprocessing = 0;
		};
/* End PBXFrameworksBuildPhase section */

/* Begin PBXGroup section */
		87191CBE1C7AD1BB00C1B787 = {
			isa = PBXGroup;
			children = (
				87191CFF1C7ADAFD00C1B787 /* MultipeerConnectivity.framework */,
				87191CC91C7AD1BB00C1B787 /* GameKitDemo */,
				87191CE31C7AD1BB00C1B787 /* GameKitDemoTests */,
				87191CEE1C7AD1BB00C1B787 /* GameKitDemoUITests */,
				87191CC81C7AD1BB00C1B787 /* Products */,
			);
			sourceTree = "<group>";
		};
		87191CC81C7AD1BB00C1B787 /* Products */ = {
			isa = PBXGroup;
			children = (
				87191CC71C7AD1BB00C1B787 /* GameKitDemo.app */,
				87191CE01C7AD1BB00C1B787 /* GameKitDemoTests.xctest */,
				87191CEB1C7AD1BB00C1B787 /* GameKitDemoUITests.xctest */,
			);
			name = Products;
			sourceTree = "<group>";
		};
		87191CC91C7AD1BB00C1B787 /* GameKitDemo */ = {
			isa = PBXGroup;
			children = (
				87191CCD1C7AD1BB00C1B787 /* AppDelegate.h */,
				87191CCE1C7AD1BB00C1B787 /* AppDelegate.m */,
				87191CD01C7AD1BB00C1B787 /* ViewController.h */,
				87191CD11C7AD1BB00C1B787 /* ViewController.m */,
				87191CD31C7AD1BB00C1B787 /* Main.storyboard */,
				87191CD61C7AD1BB00C1B787 /* Assets.xcassets */,
				87191CD81C7AD1BB00C1B787 /* LaunchScreen.storyboard */,
				87191CDB1C7AD1BB00C1B787 /* Info.plist */,
				87191CCA1C7AD1BB00C1B787 /* Supporting Files */,
			);
			path = GameKitDemo;
			sourceTree = "<group>";
		};
		87191CCA1C7AD1BB00C1B787 /* Supporting Files */ = {
			isa = PBXGroup;
			children = (
				87191CCB1C7AD1BB00C1B787 /* main.m */,
			);
			name = "Supporting Files";
			sourceTree = "<group>";
		};
		87191CE31C7AD1BB00C1B787 /* GameKitDemoTests */ = {
			isa = PBXGroup;
			children = (
				87191CE41C7AD1BB00C1B787 /* GameKitDemoTests.m */,
				87191CE61C7AD1BB00C1B787 /* Info.plist */,
			);
			path = GameKitDemoTests;
			sourceTree = "<group>";
		};
		87191CEE1C7AD1BB00C1B787 /* GameKitDemoUITests */ = {
			isa = PBXGroup;
			children = (
				87191CEF1C7AD1BB00C1B787 /* GameKitDemoUITests.m */,
				87191CF11C7AD1BB00C1B787 /* Info.plist */,
			);
			path = GameKitDemoUITests;
			sourceTree = "<group>";
		};
/* End PBXGroup section */

/* Begin PBXNativeTarget section */
		87191CC61C7AD1BB00C1B787 /* GameKitDemo */ = {
			isa = PBXNativeTarget;
			buildConfigurationList = 87191CF41C7AD1BB00C1B787 /* Build configuration list for PBXNativeTarget "GameKitDemo" */;
			buildPhases = (
				87191CC31C7AD1BB00C1B787 /* Sources */,
				87191CC41C7AD1BB00C1B787 /* Frameworks */,
				87191CC51C7AD1BB00C1B787 /* Resources */,
			);
			buildRules = (
			);
			dependencies = (
			);
			name = GameKitDemo;
			productName = GameKitDemo;
			productReference = 87191CC71C7AD1BB00C1B787 /* GameKitDemo.app */;
			productType = "com.apple.product-type.application";
		};
		87191CDF1C7AD1BB00C1B787 /* GameKitDemoTests */ = {
			isa = PBXNativeTarget;
			buildConfigurationList = 87191CF71C7AD1BB00C1B787 /* Build configuration list for PBXNativeTarget "GameKitDemoTests" */;
			buildPhases = (
				87191CDC1C7AD1BB00C1B787 /* Sources */,
				87191CDD1C7AD1BB00C1B787 /* Frameworks */,
				87191CDE1C7AD1BB00C1B787 /* Resources */,
			);
			buildRules = (
			);
			dependencies = (
				87191CE21C7AD1BB00C1B787 /* PBXTargetDependency */,
			);
			name = GameKitDemoTests;
			productName = GameKitDemoTests;
			productReference = 87191CE01C7AD1BB00C1B787 /* GameKitDemoTests.xctest */;
			productType = "com.apple.product-type.bundle.unit-test";
		};
		87191CEA1C7AD1BB00C1B787 /* GameKitDemoUITests */ = {
			isa = PBXNativeTarget;
			buildConfigurationList = 87191CFA1C7AD1BB00C1B787 /* Build configuration list for PBXNativeTarget "GameKitDemoUITests" */;
			buildPhases = (
				87191CE71C7AD1BB00C1B787 /* Sources */,
				87191CE81C7AD1BB00C1B787 /* Frameworks */,
				87191CE91C7AD1BB00C1B787 /* Resources */,
			);
			buildRules = (
			);
			dependencies = (
				87191CED1C7AD1BB00C1B787 /* PBXTargetDependency */,
			);
			name = GameKitDemoUITests;
			productName = GameKitDemoUITests;
			productReference = 87191CEB1C7AD1BB00C1B787 /* GameKitDemoUITests.xctest */;
			productType = "com.apple.product-type.bundle.ui-testing";
		};
/* End PBXNativeTarget section */

/* Begin PBXProject section */
		87191CBF1C7AD1BB00C1B787 /* Project object */ = {
			isa = PBXProject;
			attributes = {
				LastUpgradeCheck = 0720;
				ORGANIZATIONNAME = "Chen Hao 陈浩";
				TargetAttributes = {
					87191CC61C7AD1BB00C1B787 = {
						CreatedOnToolsVersion = 7.2;
					};
					87191CDF1C7AD1BB00C1B787 = {
						CreatedOnToolsVersion = 7.2;
						TestTargetID = 87191CC61C7AD1BB00C1B787;
					};
					87191CEA1C7AD1BB00C1B787 = {
						CreatedOnToolsVersion = 7.2;
						TestTargetID = 87191CC61C7AD1BB00C1B787;
					};
				};
			};
			buildConfigurationList = 87191CC21C7AD1BB00C1B787 /* Build configuration list for PBXProject "GameKitDemo" */;
			compatibilityVersion = "Xcode 3.2";
			developmentRegion = English;
			hasScannedForEncodings = 0;
			knownRegions = (
				en,
				Base,
			);
			mainGroup = 87191CBE1C7AD1BB00C1B787;
			productRefGroup = 87191CC81C7AD1BB00C1B787 /* Products */;
			projectDirPath = "";
			projectRoot = "";
			targets = (
				87191CC61C7AD1BB00C1B787 /* GameKitDemo */,
				87191CDF1C7AD1BB00C1B787 /* GameKitDemoTests */,
				87191CEA1C7AD1BB00C1B787 /* GameKitDemoUITests */,
			);
		};
/* End PBXProject section */

/* Begin PBXResourcesBuildPhase section */
		87191CC51C7AD1BB00C1B787 /* Resources */ = {
			isa = PBXResourcesBuildPhase;
			buildActionMask = 2147483647;
			files = (
				87191CDA1C7AD1BB00C1B787 /* LaunchScreen.storyboard in Resources */,
				87191CD71C7AD1BB00C1B787 /* Assets.xcassets in Resources */,
				87191CD51C7AD1BB00C1B787 /* Main.storyboard in Resources */,
			);
			runOnlyForDeploymentPostprocessing = 0;
		};
		87191CDE1C7AD1BB00C1B787 /* Resources */ = {
			isa = PBXResourcesBuildPhase;
			buildActionMask = 2147483647;
			files = (
			);
			runOnlyForDeploymentPostprocessing = 0;
		};
		87191CE91C7AD1BB00C1B787 /* Resources */ = {
			isa = PBXResourcesBuildPhase;
			buildActionMask = 2147483647;
			files = (
			);
			runOnlyForDeploymentPostprocessing = 0;
		};
/* End PBXResourcesBuildPhase section */

/* Begin PBXSourcesBuildPhase section */
		87191CC31C7AD1BB00C1B787 /* Sources */ = {
			isa = PBXSourcesBuildPhase;
			buildActionMask = 2147483647;
			files = (
				87191CD21C7AD1BB00C1B787 /* ViewController.m in Sources */,
				87191CCF1C7AD1BB00C1B787 /* AppDelegate.m in Sources */,
				87191CCC1C7AD1BB00C1B787 /* main.m in Sources */,
			);
			runOnlyForDeploymentPostprocessing = 0;
		};
		87191CDC1C7AD1BB00C1B787 /* Sources */ = {
			isa = PBXSourcesBuildPhase;
			buildActionMask = 2147483647;
			files = (
				87191CE51C7AD1BB00C1B787 /* GameKitDemoTests.m in Sources */,
			);
			runOnlyForDeploymentPostprocessing = 0;
		};
		87191CE71C7AD1BB00C1B787 /* Sources */ = {
			isa = PBXSourcesBuildPhase;
			buildActionMask = 2147483647;
			files = (
				87191CF01C7AD1BB00C1B787 /* GameKitDemoUITests.m in Sources */,
			);
			runOnlyForDeploymentPostprocessing = 0;
		};
/* End PBXSourcesBuildPhase section */

/* Begin PBXTargetDependency section */
		87191CE21C7AD1BB00C1B787 /* PBXTargetDependency */ = {
			isa = PBXTargetDependency;
			target = 87191CC61C7AD1BB00C1B787 /* GameKitDemo */;
			targetProxy = 87191CE11C7AD1BB00C1B787 /* PBXContainerItemProxy */;
		};
		87191CED1C7AD1BB00C1B787 /* PBXTargetDependency */ = {
			isa = PBXTargetDependency;
			target = 87191CC61C7AD1BB00C1B787 /* GameKitDemo */;
			targetProxy = 87191CEC1C7AD1BB00C1B787 /* PBXContainerItemProxy */;
		};
/* End PBXTargetDependency section */

/* Begin PBXVariantGroup section */
		87191CD31C7AD1BB00C1B787 /* Main.storyboard */ = {
			isa = PBXVariantGroup;
			children = (
				87191CD41C7AD1BB00C1B787 /* Base */,
			);
			name = Main.storyboard;
			sourceTree = "<group>";
		};
		87191CD81C7AD1BB00C1B787 /* LaunchScreen.storyboard */ = {
			isa = PBXVariantGroup;
			children = (
				87191CD91C7AD1BB00C1B787 /* Base */,
			);
			name = LaunchScreen.storyboard;
			sourceTree = "<group>";
		};
/* End PBXVariantGroup section */

/* Begin XCBuildConfiguration section */
		87191CF21C7AD1BB00C1B787 /* Debug */ = {
			isa = XCBuildConfiguration;
			buildSettings = {
				ALWAYS_SEARCH_USER_PATHS = NO;
				CLANG_CXX_LANGUAGE_STANDARD = "gnu++0x";
				CLANG_CXX_LIBRARY = "libc++";
				CLANG_ENABLE_MODULES = YES;
				CLANG_ENABLE_OBJC_ARC = YES;
				CLANG_WARN_BOOL_CONVERSION = YES;
				CLANG_WARN_CONSTANT_CONVERSION = YES;
				CLANG_WARN_DIRECT_OBJC_ISA_USAGE = YES_ERROR;
				CLANG_WARN_EMPTY_BODY = YES;
				CLANG_WARN_ENUM_CONVERSION = YES;
				CLANG_WARN_INT_CONVERSION = YES;
				CLANG_WARN_OBJC_ROOT_CLASS = YES_ERROR;
				CLANG_WARN_UNREACHABLE_CODE = YES;
				CLANG_WARN__DUPLICATE_METHOD_MATCH = YES;
				"CODE_SIGN_IDENTITY[sdk=iphoneos*]" = "iPhone Developer";
				COPY_PHASE_STRIP = NO;
				DEBUG_INFORMATION_FORMAT = dwarf;
				ENABLE_STRICT_OBJC_MSGSEND = YES;
				ENABLE_TESTABILITY = YES;
				GCC_C_LANGUAGE_STANDARD = gnu99;
				GCC_DYNAMIC_NO_PIC = NO;
				GCC_NO_COMMON_BLOCKS = YES;
				GCC_OPTIMIZATION_LEVEL = 0;
				GCC_PREPROCESSOR_DEFINITIONS = (
					"DEBUG=1",
					"$(inherited)",
				);
				GCC_WARN_64_TO_32_BIT_CONVERSION = YES;
				GCC_WARN_ABOUT_RETURN_TYPE = YES_ERROR;
				GCC_WARN_UNDECLARED_SELECTOR = YES;
				GCC_WARN_UNINITIALIZED_AUTOS = YES_AGGRESSIVE;
				GCC_WARN_UNUSED_FUNCTION = YES;
				GCC_WARN_UNUSED_VARIABLE = YES;
				IPHONEOS_DEPLOYMENT_TARGET = 8.3;
				MTL_ENABLE_DEBUG_INFO = YES;
				ONLY_ACTIVE_ARCH = YES;
				SDKROOT = iphoneos;
				TARGETED_DEVICE_FAMILY = "1,2";
			};
			name = Debug;
		};
		87191CF31C7AD1BB00C1B787 /* Release */ = {
			isa = XCBuildConfiguration;
			buildSettings = {
				ALWAYS_SEARCH_USER_PATHS = NO;
				CLANG_CXX_LANGUAGE_STANDARD = "gnu++0x";
				CLANG_CXX_LIBRARY = "libc++";
				CLANG_ENABLE_MODULES = YES;
				CLANG_ENABLE_OBJC_ARC = YES;
				CLANG_WARN_BOOL_CONVERSION = YES;
				CLANG_WARN_CONSTANT_CONVERSION = YES;
				CLANG_WARN_DIRECT_OBJC_ISA_USAGE = YES_ERROR;
				CLANG_WARN_EMPTY_BODY = YES;
				CLANG_WARN_ENUM_CONVERSION = YES;
				CLANG_WARN_INT_CONVERSION = YES;
				CLANG_WARN_OBJC_ROOT_CLASS = YES_ERROR;
				CLANG_WARN_UNREACHABLE_CODE = YES;
				CLANG_WARN__DUPLICATE_METHOD_MATCH = YES;
				"CODE_SIGN_IDENTITY[sdk=iphoneos*]" = "iPhone Developer";
				COPY_PHASE_STRIP = NO;
				DEBUG_INFORMATION_FORMAT = "dwarf-with-dsym";
				ENABLE_NS_ASSERTIONS = NO;
				ENABLE_STRICT_OBJC_MSGSEND = YES;
				GCC_C_LANGUAGE_STANDARD = gnu99;
				GCC_NO_COMMON_BLOCKS = YES;
				GCC_WARN_64_TO_32_BIT_CONVERSION = YES;
				GCC_WARN_ABOUT_RETURN_TYPE = YES_ERROR;
				GCC_WARN_UNDECLARED_SELECTOR = YES;
				GCC_WARN_UNINITIALIZED_AUTOS = YES_AGGRESSIVE;
				GCC_WARN_UNUSED_FUNCTION = YES;
				GCC_WARN_UNUSED_VARIABLE = YES;
				IPHONEOS_DEPLOYMENT_TARGET = 8.3;
				MTL_ENABLE_DEBUG_INFO = NO;
				SDKROOT = iphoneos;
				TARGETED_DEVICE_FAMILY = "1,2";
				VALIDATE_PRODUCT = YES;
			};
			name = Release;
		};
		87191CF51C7AD1BB00C1B787 /* Debug */ = {
			isa = XCBuildConfiguration;
			buildSettings = {
				ASSETCATALOG_COMPILER_APPICON_NAME = AppIcon;
				INFOPLIST_FILE = GameKitDemo/Info.plist;
				LD_RUNPATH_SEARCH_PATHS = "$(inherited) @executable_path/Frameworks";
				PRODUCT_BUNDLE_IDENTIFIER = com.chexiang.GameKitDemo;
				PRODUCT_NAME = "$(TARGET_NAME)";
			};
			name = Debug;
		};
		87191CF61C7AD1BB00C1B787 /* Release */ = {
			isa = XCBuildConfiguration;
			buildSettings = {
				ASSETCATALOG_COMPILER_APPICON_NAME = AppIcon;
				INFOPLIST_FILE = GameKitDemo/Info.plist;
				LD_RUNPATH_SEARCH_PATHS = "$(inherited) @executable_path/Frameworks";
				PRODUCT_BUNDLE_IDENTIFIER = com.chexiang.GameKitDemo;
				PRODUCT_NAME = "$(TARGET_NAME)";
			};
			name = Release;
		};
		87191CF81C7AD1BB00C1B787 /* Debug */ = {
			isa = XCBuildConfiguration;
			buildSettings = {
				BUNDLE_LOADER = "$(TEST_HOST)";
				INFOPLIST_FILE = GameKitDemoTests/Info.plist;
				LD_RUNPATH_SEARCH_PATHS = "$(inherited) @executable_path/Frameworks @loader_path/Frameworks";
				PRODUCT_BUNDLE_IDENTIFIER = com.chexiang.GameKitDemoTests;
				PRODUCT_NAME = "$(TARGET_NAME)";
				TEST_HOST = "$(BUILT_PRODUCTS_DIR)/GameKitDemo.app/GameKitDemo";
			};
			name = Debug;
		};
		87191CF91C7AD1BB00C1B787 /* Release */ = {
			isa = XCBuildConfiguration;
			buildSettings = {
				BUNDLE_LOADER = "$(TEST_HOST)";
				INFOPLIST_FILE = GameKitDemoTests/Info.plist;
				LD_RUNPATH_SEARCH_PATHS = "$(inherited) @executable_path/Frameworks @loader_path/Frameworks";
				PRODUCT_BUNDLE_IDENTIFIER = com.chexiang.GameKitDemoTests;
				PRODUCT_NAME = "$(TARGET_NAME)";
				TEST_HOST = "$(BUILT_PRODUCTS_DIR)/GameKitDemo.app/GameKitDemo";
			};
			name = Release;
		};
		87191CFB1C7AD1BB00C1B787 /* Debug */ = {
			isa = XCBuildConfiguration;
			buildSettings = {
				INFOPLIST_FILE = GameKitDemoUITests/Info.plist;
				LD_RUNPATH_SEARCH_PATHS = "$(inherited) @executable_path/Frameworks @loader_path/Frameworks";
				PRODUCT_BUNDLE_IDENTIFIER = com.chexiang.GameKitDemoUITests;
				PRODUCT_NAME = "$(TARGET_NAME)";
				TEST_TARGET_NAME = GameKitDemo;
				USES_XCTRUNNER = YES;
			};
			name = Debug;
		};
		87191CFC1C7AD1BB00C1B787 /* Release */ = {
			isa = XCBuildConfiguration;
			buildSettings = {
				INFOPLIST_FILE = GameKitDemoUITests/Info.plist;
				LD_RUNPATH_SEARCH_PATHS = "$(inherited) @executable_path/Frameworks @loader_path/Frameworks";
				PRODUCT_BUNDLE_IDENTIFIER = com.chexiang.GameKitDemoUITests;
				PRODUCT_NAME = "$(TARGET_NAME)";
				TEST_TARGET_NAME = GameKitDemo;
				USES_XCTRUNNER = YES;
			};
			name = Release;
		};
/* End XCBuildConfiguration section */

/* Begin XCConfigurationList section */
		87191CC21C7AD1BB00C1B787 /* Build configuration list for PBXProject "GameKitDemo" */ = {
			isa = XCConfigurationList;
			buildConfigurations = (
				87191CF21C7AD1BB00C1B787 /* Debug */,
				87191CF31C7AD1BB00C1B787 /* Release */,
			);
			defaultConfigurationIsVisible = 0;
			defaultConfigurationName = Release;
		};
		87191CF41C7AD1BB00C1B787 /* Build configuration list for PBXNativeTarget "GameKitDemo" */ = {
			isa = XCConfigurationList;
			buildConfigurations = (
				87191CF51C7AD1BB00C1B787 /* Debug */,
				87191CF61C7AD1BB00C1B787 /* Release */,
			);
			defaultConfigurationIsVisible = 0;
		};
		87191CF71C7AD1BB00C1B787 /* Build configuration list for PBXNativeTarget "GameKitDemoTests" */ = {
			isa = XCConfigurationList;
			buildConfigurations = (
				87191CF81C7AD1BB00C1B787 /* Debug */,
				87191CF91C7AD1BB00C1B787 /* Release */,
			);
			defaultConfigurationIsVisible = 0;
		};
		87191CFA1C7AD1BB00C1B787 /* Build configuration list for PBXNativeTarget "GameKitDemoUITests" */ = {
			isa = XCConfigurationList;
			buildConfigurations = (
				87191CFB1C7AD1BB00C1B787 /* Debug */,
				87191CFC1C7AD1BB00C1B787 /* Release */,
			);
			defaultConfigurationIsVisible = 0;
		};
/* End XCConfigurationList section */
	};
	rootObject = 87191CBF1C7AD1BB00C1B787 /* Project object */;
}
